// !$*UTF8*$!
{
	archiveVersion = 1;
	classes = {
	};
	objectVersion = 51;
	objects = {

/* Begin PBXBuildFile section */
		B41C64C5265D1C6A006D7469 /* DataModel.swift in Sources */ = {isa = PBXBuildFile; fileRef = B41C64C4265D1C6A006D7469 /* DataModel.swift */; };
		B41C64D2265DABA6006D7469 /* ViewModel.swift in Sources */ = {isa = PBXBuildFile; fileRef = B41C64D1265DABA6006D7469 /* ViewModel.swift */; };
		B41C64D6265DD8F6006D7469 /* ViewControllerExtension.swift in Sources */ = {isa = PBXBuildFile; fileRef = B41C64D5265DD8F6006D7469 /* ViewControllerExtension.swift */; };
		B41C64DA265DE265006D7469 /* TodoViewController.swift in Sources */ = {isa = PBXBuildFile; fileRef = B41C64D9265DE265006D7469 /* TodoViewController.swift */; };
		B4593E2D265C0564009C955C /* AppDelegate.swift in Sources */ = {isa = PBXBuildFile; fileRef = B4593E2C265C0564009C955C /* AppDelegate.swift */; };
		B4593E2F265C0564009C955C /* SceneDelegate.swift in Sources */ = {isa = PBXBuildFile; fileRef = B4593E2E265C0564009C955C /* SceneDelegate.swift */; };
		B4593E31265C0564009C955C /* ViewController.swift in Sources */ = {isa = PBXBuildFile; fileRef = B4593E30265C0564009C955C /* ViewController.swift */; };
		B4593E34265C0564009C955C /* Main.storyboard in Resources */ = {isa = PBXBuildFile; fileRef = B4593E32265C0564009C955C /* Main.storyboard */; };
		B4593E36265C0566009C955C /* Assets.xcassets in Resources */ = {isa = PBXBuildFile; fileRef = B4593E35265C0566009C955C /* Assets.xcassets */; };
		B4593E39265C0566009C955C /* LaunchScreen.storyboard in Resources */ = {isa = PBXBuildFile; fileRef = B4593E37265C0566009C955C /* LaunchScreen.storyboard */; };
		B4593E43265CDD45009C955C /* .swiftlint.yml in Resources */ = {isa = PBXBuildFile; fileRef = B4593E42265CDD45009C955C /* .swiftlint.yml */; };
		EADFEC363B64A5D493D21020 /* Pods_ToDoList.framework in Frameworks */ = {isa = PBXBuildFile; fileRef = 0796CF17935B20292AAF490C /* Pods_ToDoList.framework */; };
/* End PBXBuildFile section */

/* Begin PBXFileReference section */
		0796CF17935B20292AAF490C /* Pods_ToDoList.framework */ = {isa = PBXFileReference; explicitFileType = wrapper.framework; includeInIndex = 0; path = Pods_ToDoList.framework; sourceTree = BUILT_PRODUCTS_DIR; };
		9F6502A800A99C3278D9E09B /* Pods-ToDoList.debug.xcconfig */ = {isa = PBXFileReference; includeInIndex = 1; lastKnownFileType = text.xcconfig; name = "Pods-ToDoList.debug.xcconfig"; path = "Target Support Files/Pods-ToDoList/Pods-ToDoList.debug.xcconfig"; sourceTree = "<group>"; };
		B41C64C4265D1C6A006D7469 /* DataModel.swift */ = {isa = PBXFileReference; lastKnownFileType = sourcecode.swift; path = DataModel.swift; sourceTree = "<group>"; };
		B41C64D1265DABA6006D7469 /* ViewModel.swift */ = {isa = PBXFileReference; lastKnownFileType = sourcecode.swift; path = ViewModel.swift; sourceTree = "<group>"; };
		B41C64D5265DD8F6006D7469 /* ViewControllerExtension.swift */ = {isa = PBXFileReference; lastKnownFileType = sourcecode.swift; path = ViewControllerExtension.swift; sourceTree = "<group>"; };
		B41C64D9265DE265006D7469 /* TodoViewController.swift */ = {isa = PBXFileReference; lastKnownFileType = sourcecode.swift; path = TodoViewController.swift; sourceTree = "<group>"; };
		B4593E29265C0564009C955C /* ToDoList.app */ = {isa = PBXFileReference; explicitFileType = wrapper.application; includeInIndex = 0; path = ToDoList.app; sourceTree = BUILT_PRODUCTS_DIR; };
		B4593E2C265C0564009C955C /* AppDelegate.swift */ = {isa = PBXFileReference; lastKnownFileType = sourcecode.swift; path = AppDelegate.swift; sourceTree = "<group>"; };
		B4593E2E265C0564009C955C /* SceneDelegate.swift */ = {isa = PBXFileReference; lastKnownFileType = sourcecode.swift; path = SceneDelegate.swift; sourceTree = "<group>"; };
		B4593E30265C0564009C955C /* ViewController.swift */ = {isa = PBXFileReference; lastKnownFileType = sourcecode.swift; path = ViewController.swift; sourceTree = "<group>"; };
		B4593E33265C0564009C955C /* Base */ = {isa = PBXFileReference; lastKnownFileType = file.storyboard; name = Base; path = Base.lproj/Main.storyboard; sourceTree = "<group>"; };
		B4593E35265C0566009C955C /* Assets.xcassets */ = {isa = PBXFileReference; lastKnownFileType = folder.assetcatalog; path = Assets.xcassets; sourceTree = "<group>"; };
		B4593E38265C0566009C955C /* Base */ = {isa = PBXFileReference; lastKnownFileType = file.storyboard; name = Base; path = Base.lproj/LaunchScreen.storyboard; sourceTree = "<group>"; };
		B4593E3A265C0566009C955C /* Info.plist */ = {isa = PBXFileReference; lastKnownFileType = text.plist.xml; path = Info.plist; sourceTree = "<group>"; };
		B4593E42265CDD45009C955C /* .swiftlint.yml */ = {isa = PBXFileReference; lastKnownFileType = text.yaml; path = .swiftlint.yml; sourceTree = "<group>"; };
		D3308606273095D7C5A24B2C /* Pods-ToDoList.release.xcconfig */ = {isa = PBXFileReference; includeInIndex = 1; lastKnownFileType = text.xcconfig; name = "Pods-ToDoList.release.xcconfig"; path = "Target Support Files/Pods-ToDoList/Pods-ToDoList.release.xcconfig"; sourceTree = "<group>"; };
/* End PBXFileReference section */

/* Begin PBXFrameworksBuildPhase section */
		B4593E26265C0564009C955C /* Frameworks */ = {
			isa = PBXFrameworksBuildPhase;
			buildActionMask = 2147483647;
			files = (
				EADFEC363B64A5D493D21020 /* Pods_ToDoList.framework in Frameworks */,
			);
			runOnlyForDeploymentPostprocessing = 0;
		};
/* End PBXFrameworksBuildPhase section */

/* Begin PBXGroup section */
		190DF5C5DEECD938E82F1F16 /* Pods */ = {
			isa = PBXGroup;
			children = (
				9F6502A800A99C3278D9E09B /* Pods-ToDoList.debug.xcconfig */,
				D3308606273095D7C5A24B2C /* Pods-ToDoList.release.xcconfig */,
			);
			path = Pods;
			sourceTree = "<group>";
		};
		9A7E27286B421B8349CE08EA /* Frameworks */ = {
			isa = PBXGroup;
			children = (
				0796CF17935B20292AAF490C /* Pods_ToDoList.framework */,
			);
			name = Frameworks;
			sourceTree = "<group>";
		};
		B41C64C0265D1BB9006D7469 /* Resources */ = {
			isa = PBXGroup;
			children = (
				B4593E2C265C0564009C955C /* AppDelegate.swift */,
				B4593E2E265C0564009C955C /* SceneDelegate.swift */,
				B4593E32265C0564009C955C /* Main.storyboard */,
				B4593E37265C0566009C955C /* LaunchScreen.storyboard */,
				B4593E35265C0566009C955C /* Assets.xcassets */,
			);
			path = Resources;
			sourceTree = "<group>";
		};
		B41C64C1265D1BF7006D7469 /* Model */ = {
			isa = PBXGroup;
			children = (
				B41C64C4265D1C6A006D7469 /* DataModel.swift */,
			);
			path = Model;
			sourceTree = "<group>";
		};
		B41C64C2265D1BFE006D7469 /* View */ = {
			isa = PBXGroup;
			children = (
				B4593E30265C0564009C955C /* ViewController.swift */,
				B41C64D9265DE265006D7469 /* TodoViewController.swift */,
			);
			path = View;
			sourceTree = "<group>";
		};
		B41C64C3265D1C05006D7469 /* ViewModel */ = {
			isa = PBXGroup;
			children = (
				B41C64D1265DABA6006D7469 /* ViewModel.swift */,
			);
			path = ViewModel;
			sourceTree = "<group>";
		};
		B41C64D4265DD8C1006D7469 /* Extensions */ = {
			isa = PBXGroup;
			children = (
				B41C64D5265DD8F6006D7469 /* ViewControllerExtension.swift */,
			);
			path = Extensions;
			sourceTree = "<group>";
		};
		B4593E20265C0564009C955C = {
			isa = PBXGroup;
			children = (
				B4593E42265CDD45009C955C /* .swiftlint.yml */,
				B4593E2B265C0564009C955C /* ToDoList */,
				B4593E2A265C0564009C955C /* Products */,
				190DF5C5DEECD938E82F1F16 /* Pods */,
				9A7E27286B421B8349CE08EA /* Frameworks */,
			);
			sourceTree = "<group>";
		};
		B4593E2A265C0564009C955C /* Products */ = {
			isa = PBXGroup;
			children = (
				B4593E29265C0564009C955C /* ToDoList.app */,
			);
			name = Products;
			sourceTree = "<group>";
		};
		B4593E2B265C0564009C955C /* ToDoList */ = {
			isa = PBXGroup;
			children = (
				B41C64C1265D1BF7006D7469 /* Model */,
				B41C64C2265D1BFE006D7469 /* View */,
				B41C64C3265D1C05006D7469 /* ViewModel */,
				B41C64D4265DD8C1006D7469 /* Extensions */,
				B41C64C0265D1BB9006D7469 /* Resources */,
				B4593E3A265C0566009C955C /* Info.plist */,
			);
			path = ToDoList;
			sourceTree = "<group>";
		};
/* End PBXGroup section */

/* Begin PBXNativeTarget section */
		B4593E28265C0564009C955C /* ToDoList */ = {
			isa = PBXNativeTarget;
			buildConfigurationList = B4593E3D265C0566009C955C /* Build configuration list for PBXNativeTarget "ToDoList" */;
			buildPhases = (
				31852CBD4C2EDD83E3A6BE7A /* [CP] Check Pods Manifest.lock */,
				B4593E25265C0564009C955C /* Sources */,
				B4593E26265C0564009C955C /* Frameworks */,
				B4593E27265C0564009C955C /* Resources */,
				B4593E41265CDD0C009C955C /* ShellScript */,
				113A37E198E8166DC90B2AFD /* [CP] Embed Pods Frameworks */,
			);
			buildRules = (
			);
			dependencies = (
			);
			name = ToDoList;
			productName = ToDoList;
			productReference = B4593E29265C0564009C955C /* ToDoList.app */;
			productType = "com.apple.product-type.application";
		};
/* End PBXNativeTarget section */

/* Begin PBXProject section */
		B4593E21265C0564009C955C /* Project object */ = {
			isa = PBXProject;
			attributes = {
				LastSwiftUpdateCheck = 1240;
				LastUpgradeCheck = 1240;
				TargetAttributes = {
					B4593E28265C0564009C955C = {
						CreatedOnToolsVersion = 12.4;
					};
				};
			};
			buildConfigurationList = B4593E24265C0564009C955C /* Build configuration list for PBXProject "ToDoList" */;
			compatibilityVersion = "Xcode 9.3";
			developmentRegion = en;
			hasScannedForEncodings = 0;
			knownRegions = (
				en,
				Base,
			);
			mainGroup = B4593E20265C0564009C955C;
			productRefGroup = B4593E2A265C0564009C955C /* Products */;
			projectDirPath = "";
			projectRoot = "";
			targets = (
				B4593E28265C0564009C955C /* ToDoList */,
			);
		};
/* End PBXProject section */

/* Begin PBXResourcesBuildPhase section */
		B4593E27265C0564009C955C /* Resources */ = {
			isa = PBXResourcesBuildPhase;
			buildActionMask = 2147483647;
			files = (
				B4593E43265CDD45009C955C /* .swiftlint.yml in Resources */,
				B4593E39265C0566009C955C /* LaunchScreen.storyboard in Resources */,
				B4593E36265C0566009C955C /* Assets.xcassets in Resources */,
				B4593E34265C0564009C955C /* Main.storyboard in Resources */,
			);
			runOnlyForDeploymentPostprocessing = 0;
		};
/* End PBXResourcesBuildPhase section */

/* Begin PBXShellScriptBuildPhase section */
		113A37E198E8166DC90B2AFD /* [CP] Embed Pods Frameworks */ = {
			isa = PBXShellScriptBuildPhase;
			buildActionMask = 2147483647;
			files = (
			);
			inputFileListPaths = (
				"${PODS_ROOT}/Target Support Files/Pods-ToDoList/Pods-ToDoList-frameworks-${CONFIGURATION}-input-files.xcfilelist",
			);
			name = "[CP] Embed Pods Frameworks";
			outputFileListPaths = (
				"${PODS_ROOT}/Target Support Files/Pods-ToDoList/Pods-ToDoList-frameworks-${CONFIGURATION}-output-files.xcfilelist",
			);
			runOnlyForDeploymentPostprocessing = 0;
			shellPath = /bin/sh;
			shellScript = "\"${PODS_ROOT}/Target Support Files/Pods-ToDoList/Pods-ToDoList-frameworks.sh\"\n";
			showEnvVarsInLog = 0;
		};
		31852CBD4C2EDD83E3A6BE7A /* [CP] Check Pods Manifest.lock */ = {
			isa = PBXShellScriptBuildPhase;
			buildActionMask = 2147483647;
			files = (
			);
			inputFileListPaths = (
			);
			inputPaths = (
				"${PODS_PODFILE_DIR_PATH}/Podfile.lock",
				"${PODS_ROOT}/Manifest.lock",
			);
			name = "[CP] Check Pods Manifest.lock";
			outputFileListPaths = (
			);
			outputPaths = (
				"$(DERIVED_FILE_DIR)/Pods-ToDoList-checkManifestLockResult.txt",
			);
			runOnlyForDeploymentPostprocessing = 0;
			shellPath = /bin/sh;
			shellScript = "diff \"${PODS_PODFILE_DIR_PATH}/Podfile.lock\" \"${PODS_ROOT}/Manifest.lock\" > /dev/null\nif [ $? != 0 ] ; then\n    # print error to STDERR\n    echo \"error: The sandbox is not in sync with the Podfile.lock. Run 'pod install' or update your CocoaPods installation.\" >&2\n    exit 1\nfi\n# This output is used by Xcode 'outputs' to avoid re-running this script phase.\necho \"SUCCESS\" > \"${SCRIPT_OUTPUT_FILE_0}\"\n";
			showEnvVarsInLog = 0;
		};
		B4593E41265CDD0C009C955C /* ShellScript */ = {
			isa = PBXShellScriptBuildPhase;
			buildActionMask = 2147483647;
			files = (
			);
			inputFileListPaths = (
			);
			inputPaths = (
			);
			outputFileListPaths = (
			);
			outputPaths = (
			);
			runOnlyForDeploymentPostprocessing = 0;
			shellPath = /bin/sh;
			shellScript = "if which swiftlint >/dev/null; then\n  swiftlint\nelse\n  echo \"warning: SwiftLint not installed, download from https://github.com/realm/SwiftLint\"\nfi\n";
		};
/* End PBXShellScriptBuildPhase section */

/* Begin PBXSourcesBuildPhase section */
		B4593E25265C0564009C955C /* Sources */ = {
			isa = PBXSourcesBuildPhase;
			buildActionMask = 2147483647;
			files = (
				B41C64D6265DD8F6006D7469 /* ViewControllerExtension.swift in Sources */,
				B41C64D2265DABA6006D7469 /* ViewModel.swift in Sources */,
				B4593E31265C0564009C955C /* ViewController.swift in Sources */,
				B41C64C5265D1C6A006D7469 /* DataModel.swift in Sources */,
				B4593E2D265C0564009C955C /* AppDelegate.swift in Sources */,
				B4593E2F265C0564009C955C /* SceneDelegate.swift in Sources */,
				B41C64DA265DE265006D7469 /* TodoViewController.swift in Sources */,
			);
			runOnlyForDeploymentPostprocessing = 0;
		};
/* End PBXSourcesBuildPhase section */

/* Begin PBXVariantGroup section */
		B4593E32265C0564009C955C /* Main.storyboard */ = {
			isa = PBXVariantGroup;
			children = (
				B4593E33265C0564009C955C /* Base */,
			);
			name = Main.storyboard;
			sourceTree = "<group>";
		};
		B4593E37265C0566009C955C /* LaunchScreen.storyboard */ = {
			isa = PBXVariantGroup;
			children = (
				B4593E38265C0566009C955C /* Base */,
			);
			name = LaunchScreen.storyboard;
			sourceTree = "<group>";
		};
/* End PBXVariantGroup section */

/* Begin XCBuildConfiguration section */
		B4593E3B265C0566009C955C /* Debug */ = {
			isa = XCBuildConfiguration;
			buildSettings = {
				ALWAYS_SEARCH_USER_PATHS = NO;
				CLANG_ANALYZER_NONNULL = YES;
				CLANG_ANALYZER_NUMBER_OBJECT_CONVERSION = YES_AGGRESSIVE;
				CLANG_CXX_LANGUAGE_STANDARD = "gnu++14";
				CLANG_CXX_LIBRARY = "libc++";
				CLANG_ENABLE_MODULES = YES;
				CLANG_ENABLE_OBJC_ARC = YES;
				CLANG_ENABLE_OBJC_WEAK = YES;
				CLANG_WARN_BLOCK_CAPTURE_AUTORELEASING = YES;
				CLANG_WARN_BOOL_CONVERSION = YES;
				CLANG_WARN_COMMA = YES;
				CLANG_WARN_CONSTANT_CONVERSION = YES;
				CLANG_WARN_DEPRECATED_OBJC_IMPLEMENTATIONS = YES;
				CLANG_WARN_DIRECT_OBJC_ISA_USAGE = YES_ERROR;
				CLANG_WARN_DOCUMENTATION_COMMENTS = YES;
				CLANG_WARN_EMPTY_BODY = YES;
				CLANG_WARN_ENUM_CONVERSION = YES;
				CLANG_WARN_INFINITE_RECURSION = YES;
				CLANG_WARN_INT_CONVERSION = YES;
				CLANG_WARN_NON_LITERAL_NULL_CONVERSION = YES;
				CLANG_WARN_OBJC_IMPLICIT_RETAIN_SELF = YES;
				CLANG_WARN_OBJC_LITERAL_CONVERSION = YES;
				CLANG_WARN_OBJC_ROOT_CLASS = YES_ERROR;
				CLANG_WARN_QUOTED_INCLUDE_IN_FRAMEWORK_HEADER = YES;
				CLANG_WARN_RANGE_LOOP_ANALYSIS = YES;
				CLANG_WARN_STRICT_PROTOTYPES = YES;
				CLANG_WARN_SUSPICIOUS_MOVE = YES;
				CLANG_WARN_UNGUARDED_AVAILABILITY = YES_AGGRESSIVE;
				CLANG_WARN_UNREACHABLE_CODE = YES;
				CLANG_WARN__DUPLICATE_METHOD_MATCH = YES;
				COPY_PHASE_STRIP = NO;
				DEBUG_INFORMATION_FORMAT = dwarf;
				ENABLE_STRICT_OBJC_MSGSEND = YES;
				ENABLE_TESTABILITY = YES;
				GCC_C_LANGUAGE_STANDARD = gnu11;
				GCC_DYNAMIC_NO_PIC = NO;
				GCC_NO_COMMON_BLOCKS = YES;
				GCC_OPTIMIZATION_LEVEL = 0;
				GCC_PREPROCESSOR_DEFINITIONS = (
					"DEBUG=1",
					"$(inherited)",
				);
				GCC_WARN_64_TO_32_BIT_CONVERSION = YES;
				GCC_WARN_ABOUT_RETURN_TYPE = YES_ERROR;
				GCC_WARN_UNDECLARED_SELECTOR = YES;
				GCC_WARN_UNINITIALIZED_AUTOS = YES_AGGRESSIVE;
				GCC_WARN_UNUSED_FUNCTION = YES;
				GCC_WARN_UNUSED_VARIABLE = YES;
				IPHONEOS_DEPLOYMENT_TARGET = 14.4;
				MTL_ENABLE_DEBUG_INFO = INCLUDE_SOURCE;
				MTL_FAST_MATH = YES;
				ONLY_ACTIVE_ARCH = YES;
				SDKROOT = iphoneos;
				SWIFT_ACTIVE_COMPILATION_CONDITIONS = DEBUG;
				SWIFT_OPTIMIZATION_LEVEL = "-Onone";
			};
			name = Debug;
		};
		B4593E3C265C0566009C955C /* Release */ = {
			isa = XCBuildConfiguration;
			buildSettings = {
				ALWAYS_SEARCH_USER_PATHS = NO;
				CLANG_ANALYZER_NONNULL = YES;
				CLANG_ANALYZER_NUMBER_OBJECT_CONVERSION = YES_AGGRESSIVE;
				CLANG_CXX_LANGUAGE_STANDARD = "gnu++14";
				CLANG_CXX_LIBRARY = "libc++";
				CLANG_ENABLE_MODULES = YES;
				CLANG_ENABLE_OBJC_ARC = YES;
				CLANG_ENABLE_OBJC_WEAK = YES;
				CLANG_WARN_BLOCK_CAPTURE_AUTORELEASING = YES;
				CLANG_WARN_BOOL_CONVERSION = YES;
				CLANG_WARN_COMMA = YES;
				CLANG_WARN_CONSTANT_CONVERSION = YES;
				CLANG_WARN_DEPRECATED_OBJC_IMPLEMENTATIONS = YES;
				CLANG_WARN_DIRECT_OBJC_ISA_USAGE = YES_ERROR;
				CLANG_WARN_DOCUMENTATION_COMMENTS = YES;
				CLANG_WARN_EMPTY_BODY = YES;
				CLANG_WARN_ENUM_CONVERSION = YES;
				CLANG_WARN_INFINITE_RECURSION = YES;
				CLANG_WARN_INT_CONVERSION = YES;
				CLANG_WARN_NON_LITERAL_NULL_CONVERSION = YES;
				CLANG_WARN_OBJC_IMPLICIT_RETAIN_SELF = YES;
				CLANG_WARN_OBJC_LITERAL_CONVERSION = YES;
				CLANG_WARN_OBJC_ROOT_CLASS = YES_ERROR;
				CLANG_WARN_QUOTED_INCLUDE_IN_FRAMEWORK_HEADER = YES;
				CLANG_WARN_RANGE_LOOP_ANALYSIS = YES;
				CLANG_WARN_STRICT_PROTOTYPES = YES;
				CLANG_WARN_SUSPICIOUS_MOVE = YES;
				CLANG_WARN_UNGUARDED_AVAILABILITY = YES_AGGRESSIVE;
				CLANG_WARN_UNREACHABLE_CODE = YES;
				CLANG_WARN__DUPLICATE_METHOD_MATCH = YES;
				COPY_PHASE_STRIP = NO;
				DEBUG_INFORMATION_FORMAT = "dwarf-with-dsym";
				ENABLE_NS_ASSERTIONS = NO;
				ENABLE_STRICT_OBJC_MSGSEND = YES;
				GCC_C_LANGUAGE_STANDARD = gnu11;
				GCC_NO_COMMON_BLOCKS = YES;
				GCC_WARN_64_TO_32_BIT_CONVERSION = YES;
				GCC_WARN_ABOUT_RETURN_TYPE = YES_ERROR;
				GCC_WARN_UNDECLARED_SELECTOR = YES;
				GCC_WARN_UNINITIALIZED_AUTOS = YES_AGGRESSIVE;
				GCC_WARN_UNUSED_FUNCTION = YES;
				GCC_WARN_UNUSED_VARIABLE = YES;
				IPHONEOS_DEPLOYMENT_TARGET = 14.4;
				MTL_ENABLE_DEBUG_INFO = NO;
				MTL_FAST_MATH = YES;
				SDKROOT = iphoneos;
				SWIFT_COMPILATION_MODE = wholemodule;
				SWIFT_OPTIMIZATION_LEVEL = "-O";
				VALIDATE_PRODUCT = YES;
			};
			name = Release;
		};
		B4593E3E265C0566009C955C /* Debug */ = {
			isa = XCBuildConfiguration;
			baseConfigurationReference = 9F6502A800A99C3278D9E09B /* Pods-ToDoList.debug.xcconfig */;
			buildSettings = {
				ASSETCATALOG_COMPILER_APPICON_NAME = AppIcon;
				ASSETCATALOG_COMPILER_GLOBAL_ACCENT_COLOR_NAME = AccentColor;
				CODE_SIGN_STYLE = Automatic;
				DEVELOPMENT_TEAM = 6MQ6RYJ3C2;
				INFOPLIST_FILE = ToDoList/Info.plist;
				LD_RUNPATH_SEARCH_PATHS = (
					"$(inherited)",
					"@executable_path/Frameworks",
				);
				PRODUCT_BUNDLE_IDENTIFIER = com.ucwealth.ToDoList;
				PRODUCT_NAME = "$(TARGET_NAME)";
				SWIFT_VERSION = 5.0;
				TARGETED_DEVICE_FAMILY = "1,2";
			};
			name = Debug;
		};
		B4593E3F265C0566009C955C /* Release */ = {
			isa = XCBuildConfiguration;
			baseConfigurationReference = D3308606273095D7C5A24B2C /* Pods-ToDoList.release.xcconfig */;
			buildSettings = {
				ASSETCATALOG_COMPILER_APPICON_NAME = AppIcon;
				ASSETCATALOG_COMPILER_GLOBAL_ACCENT_COLOR_NAME = AccentColor;
				CODE_SIGN_STYLE = Automatic;
				DEVELOPMENT_TEAM = 6MQ6RYJ3C2;
				INFOPLIST_FILE = ToDoList/Info.plist;
				LD_RUNPATH_SEARCH_PATHS = (
					"$(inherited)",
					"@executable_path/Frameworks",
				);
				PRODUCT_BUNDLE_IDENTIFIER = com.ucwealth.ToDoList;
				PRODUCT_NAME = "$(TARGET_NAME)";
				SWIFT_VERSION = 5.0;
				TARGETED_DEVICE_FAMILY = "1,2";
			};
			name = Release;
		};
/* End XCBuildConfiguration section */

/* Begin XCConfigurationList section */
		B4593E24265C0564009C955C /* Build configuration list for PBXProject "ToDoList" */ = {
			isa = XCConfigurationList;
			buildConfigurations = (
				B4593E3B265C0566009C955C /* Debug */,
				B4593E3C265C0566009C955C /* Release */,
			);
			defaultConfigurationIsVisible = 0;
			defaultConfigurationName = Release;
		};
		B4593E3D265C0566009C955C /* Build configuration list for PBXNativeTarget "ToDoList" */ = {
			isa = XCConfigurationList;
			buildConfigurations = (
				B4593E3E265C0566009C955C /* Debug */,
				B4593E3F265C0566009C955C /* Release */,
			);
			defaultConfigurationIsVisible = 0;
			defaultConfigurationName = Release;
		};
/* End XCConfigurationList section */
	};
	rootObject = B4593E21265C0564009C955C /* Project object */;
}
